
Microsoft Visual Studio Solution File, Format Version 12.00
# Visual Studio Version 17
VisualStudioVersion = 17.3.32929.385
MinimumVisualStudioVersion = 10.0.40219.1
Project("{FAE04EC0-301F-11D3-BF4B-00C04F79EFBC}") = "01. Unique Usernames", "01. Unique Usernames\01. Unique Usernames.csproj", "{58C01B3D-4497-4BC3-83C8-621D5275F438}"
EndProject
Project("{FAE04EC0-301F-11D3-BF4B-00C04F79EFBC}") = "02. Sets of Elements", "02. Sets of Elements\02. Sets of Elements.csproj", "{EED492AE-159C-4858-BFCE-EB86574BE83E}"
EndProject
Project("{FAE04EC0-301F-11D3-BF4B-00C04F79EFBC}") = "03. Periodic Table", "03. Periodic Table\03. Periodic Table.csproj", "{23C724EB-EDDF-4B5A-9D45-D6096D70A9C2}"
EndProject
Global
	GlobalSection(SolutionConfigurationPlatforms) = preSolution
		Debug|Any CPU = Debug|Any CPU
		Release|Any CPU = Release|Any CPU
	EndGlobalSection
	GlobalSection(ProjectConfigurationPlatforms) = postSolution
		{58C01B3D-4497-4BC3-83C8-621D5275F438}.Debug|Any CPU.ActiveCfg = Debug|Any CPU
		{58C01B3D-4497-4BC3-83C8-621D5275F438}.Debug|Any CPU.Build.0 = Debug|Any CPU
		{58C01B3D-4497-4BC3-83C8-621D5275F438}.Release|Any CPU.ActiveCfg = Release|Any CPU
		{58C01B3D-4497-4BC3-83C8-621D5275F438}.Release|Any CPU.Build.0 = Release|Any CPU
		{EED492AE-159C-4858-BFCE-EB86574BE83E}.Debug|Any CPU.ActiveCfg = Debug|Any CPU
		{EED492AE-159C-4858-BFCE-EB86574BE83E}.Debug|Any CPU.Build.0 = Debug|Any CPU
		{EED492AE-159C-4858-BFCE-EB86574BE83E}.Release|Any CPU.ActiveCfg = Release|Any CPU
		{EED492AE-159C-4858-BFCE-EB86574BE83E}.Release|Any CPU.Build.0 = Release|Any CPU
		{23C724EB-EDDF-4B5A-9D45-D6096D70A9C2}.Debug|Any CPU.ActiveCfg = Debug|Any CPU
		{23C724EB-EDDF-4B5A-9D45-D6096D70A9C2}.Debug|Any CPU.Build.0 = Debug|Any CPU
		{23C724EB-EDDF-4B5A-9D45-D6096D70A9C2}.Release|Any CPU.ActiveCfg = Release|Any CPU
		{23C724EB-EDDF-4B5A-9D45-D6096D70A9C2}.Release|Any CPU.Build.0 = Release|Any CPU
	EndGlobalSection
	GlobalSection(SolutionProperties) = preSolution
		HideSolutionNode = FALSE
	EndGlobalSection
	GlobalSection(ExtensibilityGlobals) = postSolution
		SolutionGuid = {A3F54AA6-C4C2-468F-BB67-FED0F53F26C8}
	EndGlobalSection
EndGlobal
