
Microsoft Visual Studio Solution File, Format Version 12.00
# Visual Studio Version 17
VisualStudioVersion = 17.3.32929.385
MinimumVisualStudioVersion = 10.0.40219.1
Project("{FAE04EC0-301F-11D3-BF4B-00C04F79EFBC}") = "01. Car", "01. Car\01. Car.csproj", "{44097D6D-FD77-4D42-BFEF-17E73AD85E27}"
EndProject
Global
	GlobalSection(SolutionConfigurationPlatforms) = preSolution
		Debug|Any CPU = Debug|Any CPU
		Release|Any CPU = Release|Any CPU
	EndGlobalSection
	GlobalSection(ProjectConfigurationPlatforms) = postSolution
		{44097D6D-FD77-4D42-BFEF-17E73AD85E27}.Debug|Any CPU.ActiveCfg = Debug|Any CPU
		{44097D6D-FD77-4D42-BFEF-17E73AD85E27}.Debug|Any CPU.Build.0 = Debug|Any CPU
		{44097D6D-FD77-4D42-BFEF-17E73AD85E27}.Release|Any CPU.ActiveCfg = Release|Any CPU
		{44097D6D-FD77-4D42-BFEF-17E73AD85E27}.Release|Any CPU.Build.0 = Release|Any CPU
	EndGlobalSection
	GlobalSection(SolutionProperties) = preSolution
		HideSolutionNode = FALSE
	EndGlobalSection
	GlobalSection(ExtensibilityGlobals) = postSolution
		SolutionGuid = {C2B44794-98F6-4E48-8AC8-D494C68D9330}
	EndGlobalSection
EndGlobal
