
Microsoft Visual Studio Solution File, Format Version 12.00
# Visual Studio Version 17
VisualStudioVersion = 17.3.32929.385
MinimumVisualStudioVersion = 10.0.40219.1
Project("{FAE04EC0-301F-11D3-BF4B-00C04F79EFBC}") = "Exercise 1", "Exercise 1\Exercise 1.csproj", "{8FD372FF-5B3F-4027-A95D-7B608A51A8D6}"
EndProject
Project("{FAE04EC0-301F-11D3-BF4B-00C04F79EFBC}") = "Exercise 2", "Exercise 2\Exercise 2.csproj", "{4FB1C0E5-122F-4D82-BB95-740D5E8BD96E}"
EndProject
Global
	GlobalSection(SolutionConfigurationPlatforms) = preSolution
		Debug|Any CPU = Debug|Any CPU
		Release|Any CPU = Release|Any CPU
	EndGlobalSection
	GlobalSection(ProjectConfigurationPlatforms) = postSolution
		{8FD372FF-5B3F-4027-A95D-7B608A51A8D6}.Debug|Any CPU.ActiveCfg = Debug|Any CPU
		{8FD372FF-5B3F-4027-A95D-7B608A51A8D6}.Debug|Any CPU.Build.0 = Debug|Any CPU
		{8FD372FF-5B3F-4027-A95D-7B608A51A8D6}.Release|Any CPU.ActiveCfg = Release|Any CPU
		{8FD372FF-5B3F-4027-A95D-7B608A51A8D6}.Release|Any CPU.Build.0 = Release|Any CPU
		{4FB1C0E5-122F-4D82-BB95-740D5E8BD96E}.Debug|Any CPU.ActiveCfg = Debug|Any CPU
		{4FB1C0E5-122F-4D82-BB95-740D5E8BD96E}.Debug|Any CPU.Build.0 = Debug|Any CPU
		{4FB1C0E5-122F-4D82-BB95-740D5E8BD96E}.Release|Any CPU.ActiveCfg = Release|Any CPU
		{4FB1C0E5-122F-4D82-BB95-740D5E8BD96E}.Release|Any CPU.Build.0 = Release|Any CPU
	EndGlobalSection
	GlobalSection(SolutionProperties) = preSolution
		HideSolutionNode = FALSE
	EndGlobalSection
	GlobalSection(ExtensibilityGlobals) = postSolution
		SolutionGuid = {7036C7C0-D60A-4988-8B2D-86CE293DBC51}
	EndGlobalSection
EndGlobal
