
Microsoft Visual Studio Solution File, Format Version 12.00
# Visual Studio Version 17
VisualStudioVersion = 17.3.32929.385
MinimumVisualStudioVersion = 10.0.40219.1
Project("{9A19103F-16F7-4668-BE54-9A1E7A4F7556}") = "ShoeStore", "ShoeStore.csproj", "{79FB0400-1A91-4532-9257-7A67E6A0DAC0}"
EndProject
Global
	GlobalSection(SolutionConfigurationPlatforms) = preSolution
		Debug|Any CPU = Debug|Any CPU
		Release|Any CPU = Release|Any CPU
	EndGlobalSection
	GlobalSection(ProjectConfigurationPlatforms) = postSolution
		{79FB0400-1A91-4532-9257-7A67E6A0DAC0}.Debug|Any CPU.ActiveCfg = Debug|Any CPU
		{79FB0400-1A91-4532-9257-7A67E6A0DAC0}.Debug|Any CPU.Build.0 = Debug|Any CPU
		{79FB0400-1A91-4532-9257-7A67E6A0DAC0}.Release|Any CPU.ActiveCfg = Release|Any CPU
		{79FB0400-1A91-4532-9257-7A67E6A0DAC0}.Release|Any CPU.Build.0 = Release|Any CPU
	EndGlobalSection
	GlobalSection(SolutionProperties) = preSolution
		HideSolutionNode = FALSE
	EndGlobalSection
	GlobalSection(ExtensibilityGlobals) = postSolution
		SolutionGuid = {38C6614C-4AE4-49FC-A8FC-5EDF01BEA787}
	EndGlobalSection
EndGlobal
