
Microsoft Visual Studio Solution File, Format Version 12.00
# Visual Studio Version 17
VisualStudioVersion = 17.3.32929.385
MinimumVisualStudioVersion = 10.0.40219.1
Project("{FAE04EC0-301F-11D3-BF4B-00C04F79EFBC}") = "01. Define a Class Person", "01. Define a Class Person\01. Define a Class Person.csproj", "{D7DDDC9A-D76A-43FA-9A9C-FC524C7DB270}"
EndProject
Global
	GlobalSection(SolutionConfigurationPlatforms) = preSolution
		Debug|Any CPU = Debug|Any CPU
		Release|Any CPU = Release|Any CPU
	EndGlobalSection
	GlobalSection(ProjectConfigurationPlatforms) = postSolution
		{D7DDDC9A-D76A-43FA-9A9C-FC524C7DB270}.Debug|Any CPU.ActiveCfg = Debug|Any CPU
		{D7DDDC9A-D76A-43FA-9A9C-FC524C7DB270}.Debug|Any CPU.Build.0 = Debug|Any CPU
		{D7DDDC9A-D76A-43FA-9A9C-FC524C7DB270}.Release|Any CPU.ActiveCfg = Release|Any CPU
		{D7DDDC9A-D76A-43FA-9A9C-FC524C7DB270}.Release|Any CPU.Build.0 = Release|Any CPU
	EndGlobalSection
	GlobalSection(SolutionProperties) = preSolution
		HideSolutionNode = FALSE
	EndGlobalSection
	GlobalSection(ExtensibilityGlobals) = postSolution
		SolutionGuid = {AD0C1374-F0F4-4FBF-A1B9-6F352CD0B2A4}
	EndGlobalSection
EndGlobal
